<?xml version="1.0" encoding="utf-8"?>
<Project ToolsVersion="4.0" xmlns="http://schemas.microsoft.com/developer/msbuild/2003">
  <ItemGroup>
    <Filter Include="Source Files">
      <UniqueIdentifier>{4FC737F1-C7A5-4376-A066-2A32D752A2FF}</UniqueIdentifier>
      <Extensions>cpp;c;cc;cxx;def;odl;idl;hpj;bat;asm;asmx</Extensions>
    </Filter>
    <Filter Include="Source Files\ESP CORE">
      <UniqueIdentifier>{2ccedd44-52f3-42de-a09f-0efbb182a9bb}</UniqueIdentifier>
    </Filter>
    <Filter Include="Source Files\ESP API">
      <UniqueIdentifier>{ed3e52b6-f791-4856-bea8-c539749fbd7b}</UniqueIdentifier>
    </Filter>
    <Filter Include="Source Files\ESP APPS MQTT">
      <UniqueIdentifier>{f41c49ad-9944-4714-a950-d7747d143061}</UniqueIdentifier>
    </Filter>
    <Filter Include="Source Files\ESP APPS HTTP SERVER">
      <UniqueIdentifier>{95f13059-d7bd-41eb-92a5-fc358f95592d}</UniqueIdentifier>
    </Filter>
    <Filter Include="Source Files\ESP LL">
      <UniqueIdentifier>{a7a2f464-2a72-438b-95c3-287e652c47f0}</UniqueIdentifier>
    </Filter>
    <Filter Include="Source Files\ESP SNIPPETS">
      <UniqueIdentifier>{f53eba69-7eb3-428c-9053-e398ae95bf8e}</UniqueIdentifier>
    </Filter>
    <Filter Include="Source Files\ESP CLI">
      <UniqueIdentifier>{3b90bd2c-2305-40af-9d58-f49b6817bc2e}</UniqueIdentifier>
    </Filter>
    <Filter Include="Source Files\LWMEM">
      <UniqueIdentifier>{89a7c350-8eb5-4eea-9b01-10fbcd6a0e6c}</UniqueIdentifier>
    </Filter>
  </ItemGroup>
  <ItemGroup>
    <ClCompile Include="..\..\snippets\http_server.c">
      <Filter>Source Files\ESP SNIPPETS</Filter>
    </ClCompile>
    <ClCompile Include="..\..\snippets\mqtt_client.c">
      <Filter>Source Files\ESP SNIPPETS</Filter>
    </ClCompile>
    <ClCompile Include="..\..\snippets\mqtt_client_api.c">
      <Filter>Source Files\ESP SNIPPETS</Filter>
    </ClCompile>
    <ClCompile Include="..\..\snippets\mqtt_client_api_cayenne.c">
      <Filter>Source Files\ESP SNIPPETS</Filter>
    </ClCompile>
    <ClCompile Include="..\..\snippets\netconn_client.c">
      <Filter>Source Files\ESP SNIPPETS</Filter>
    </ClCompile>
    <ClCompile Include="..\..\snippets\netconn_server.c">
      <Filter>Source Files\ESP SNIPPETS</Filter>
    </ClCompile>
    <ClCompile Include="..\..\snippets\netconn_server_1thread.c">
      <Filter>Source Files\ESP SNIPPETS</Filter>
    </ClCompile>
    <ClCompile Include="..\..\snippets\station_manager.c">
      <Filter>Source Files\ESP SNIPPETS</Filter>
    </ClCompile>
    <ClCompile Include="main.c">
      <Filter>Source Files</Filter>
    </ClCompile>
    <ClCompile Include="..\..\..\lwmem\lwmem\src\lwmem\lwmem.c">
      <Filter>Source Files\LWMEM</Filter>
    </ClCompile>
    <ClCompile Include="..\..\..\lwmem\lwmem\src\system\lwmem_sys_win32.c">
      <Filter>Source Files\LWMEM</Filter>
    </ClCompile>
    <ClCompile Include="..\..\snippets\client.c">
      <Filter>Source Files\ESP SNIPPETS</Filter>
    </ClCompile>
    <ClCompile Include="..\..\snippets\dns.c">
      <Filter>Source Files\ESP SNIPPETS</Filter>
    </ClCompile>
    <ClCompile Include="..\..\snippets\sntp.c">
      <Filter>Source Files\ESP SNIPPETS</Filter>
    </ClCompile>
    <ClCompile Include="..\..\snippets\telnet_server.c">
      <Filter>Source Files\ESP SNIPPETS</Filter>
    </ClCompile>
    <ClCompile Include="..\..\lwesp\src\system\lwesp_mem_lwmem.c">
      <Filter>Source Files</Filter>
    </ClCompile>
    <ClCompile Include="..\..\lwesp\src\lwesp\lwesp_wps.c">
      <Filter>Source Files\ESP CORE</Filter>
    </ClCompile>
    <ClCompile Include="..\..\lwesp\src\lwesp\lwesp_utils.c">
      <Filter>Source Files\ESP CORE</Filter>
    </ClCompile>
    <ClCompile Include="..\..\lwesp\src\lwesp\lwesp_unicode.c">
      <Filter>Source Files\ESP CORE</Filter>
    </ClCompile>
    <ClCompile Include="..\..\lwesp\src\lwesp\lwesp_timeout.c">
      <Filter>Source Files\ESP CORE</Filter>
    </ClCompile>
    <ClCompile Include="..\..\lwesp\src\lwesp\lwesp_threads.c">
      <Filter>Source Files\ESP CORE</Filter>
    </ClCompile>
    <ClCompile Include="..\..\lwesp\src\lwesp\lwesp_sta.c">
      <Filter>Source Files\ESP CORE</Filter>
    </ClCompile>
    <ClCompile Include="..\..\lwesp\src\lwesp\lwesp_sntp.c">
      <Filter>Source Files\ESP CORE</Filter>
    </ClCompile>
    <ClCompile Include="..\..\lwesp\src\lwesp\lwesp_ping.c">
      <Filter>Source Files\ESP CORE</Filter>
    </ClCompile>
    <ClCompile Include="..\..\lwesp\src\lwesp\lwesp_pbuf.c">
      <Filter>Source Files\ESP CORE</Filter>
    </ClCompile>
    <ClCompile Include="..\..\lwesp\src\lwesp\lwesp_parser.c">
      <Filter>Source Files\ESP CORE</Filter>
    </ClCompile>
    <ClCompile Include="..\..\lwesp\src\cli\cli_input.c">
      <Filter>Source Files\ESP CLI</Filter>
    </ClCompile>
    <ClCompile Include="..\..\lwesp\src\cli\cli.c">
      <Filter>Source Files\ESP CLI</Filter>
    </ClCompile>
    <ClCompile Include="..\..\lwesp\src\lwesp\lwesp.c">
      <Filter>Source Files\ESP CORE</Filter>
    </ClCompile>
    <ClCompile Include="..\..\lwesp\src\lwesp\lwesp_ap.c">
      <Filter>Source Files\ESP CORE</Filter>
    </ClCompile>
    <ClCompile Include="..\..\lwesp\src\lwesp\lwesp_buff.c">
      <Filter>Source Files\ESP CORE</Filter>
    </ClCompile>
    <ClCompile Include="..\..\lwesp\src\lwesp\lwesp_cli.c">
      <Filter>Source Files\ESP CORE</Filter>
    </ClCompile>
    <ClCompile Include="..\..\lwesp\src\lwesp\lwesp_conn.c">
      <Filter>Source Files\ESP CORE</Filter>
    </ClCompile>
    <ClCompile Include="..\..\lwesp\src\lwesp\lwesp_debug.c">
      <Filter>Source Files\ESP CORE</Filter>
    </ClCompile>
    <ClCompile Include="..\..\lwesp\src\lwesp\lwesp_dhcp.c">
      <Filter>Source Files\ESP CORE</Filter>
    </ClCompile>
    <ClCompile Include="..\..\lwesp\src\lwesp\lwesp_dns.c">
      <Filter>Source Files\ESP CORE</Filter>
    </ClCompile>
    <ClCompile Include="..\..\lwesp\src\lwesp\lwesp_evt.c">
      <Filter>Source Files\ESP CORE</Filter>
    </ClCompile>
    <ClCompile Include="..\..\lwesp\src\lwesp\lwesp_hostname.c">
      <Filter>Source Files\ESP CORE</Filter>
    </ClCompile>
    <ClCompile Include="..\..\lwesp\src\apps\cayenne\lwesp_cayenne_evt.c">
      <Filter>Source Files\ESP APPS MQTT</Filter>
    </ClCompile>
    <ClCompile Include="..\..\lwesp\src\apps\cayenne\lwesp_cayenne.c">
      <Filter>Source Files\ESP APPS MQTT</Filter>
    </ClCompile>
    <ClCompile Include="..\..\lwesp\src\apps\mqtt\lwesp_mqtt_client.c">
      <Filter>Source Files\ESP APPS MQTT</Filter>
    </ClCompile>
    <ClCompile Include="..\..\lwesp\src\apps\mqtt\lwesp_mqtt_client_api.c">
      <Filter>Source Files\ESP APPS MQTT</Filter>
    </ClCompile>
    <ClCompile Include="..\..\lwesp\src\apps\http_server\lwesp_http_server_fs_win32.c">
      <Filter>Source Files\ESP APPS HTTP SERVER</Filter>
    </ClCompile>
    <ClCompile Include="..\..\lwesp\src\apps\http_server\lwesp_http_server.c">
      <Filter>Source Files\ESP APPS HTTP SERVER</Filter>
    </ClCompile>
    <ClCompile Include="..\..\lwesp\src\apps\http_server\lwesp_http_server_fs.c">
      <Filter>Source Files\ESP APPS HTTP SERVER</Filter>
    </ClCompile>
    <ClCompile Include="..\..\lwesp\src\lwesp\lwesp_input.c">
      <Filter>Source Files\ESP CORE</Filter>
    </ClCompile>
    <ClCompile Include="..\..\lwesp\src\lwesp\lwesp_int.c">
      <Filter>Source Files\ESP CORE</Filter>
    </ClCompile>
    <ClCompile Include="..\..\lwesp\src\lwesp\lwesp_mdns.c">
      <Filter>Source Files\ESP CORE</Filter>
    </ClCompile>
    <ClCompile Include="..\..\lwesp\src\lwesp\lwesp_mem.c">
      <Filter>Source Files\ESP CORE</Filter>
    </ClCompile>
    <ClCompile Include="..\..\lwesp\src\system\lwesp_ll_win32.c">
      <Filter>Source Files\ESP LL</Filter>
    </ClCompile>
    <ClCompile Include="..\..\lwesp\src\api\lwesp_netconn.c">
      <Filter>Source Files\ESP API</Filter>
    </ClCompile>
    <ClCompile Include="..\..\lwesp\src\system\lwesp_sys_win32.c">
      <Filter>Source Files\ESP LL</Filter>
    </ClCompile>
  </ItemGroup>
</Project>